// !$*UTF8*$!
{
	archiveVersion = 1;
	classes = {
	};
	objectVersion = 77;
	objects = {

/* Begin PBXContainerItemProxy section */
		2FB490592EDE355E00968F5E /* PBXContainerItemProxy */ = {
			isa = PBXContainerItemProxy;
			containerPortal = 2FB490402EDE355C00968F5E /* Project object */;
			proxyType = 1;
			remoteGlobalIDString = 2FB490472EDE355C00968F5E;
			remoteInfo = CosmoKitTestApp;
		};
		2FB490632EDE355E00968F5E /* PBXContainerItemProxy */ = {
			isa = PBXContainerItemProxy;
			containerPortal = 2FB490402EDE355C00968F5E /* Project object */;
			proxyType = 1;
			remoteGlobalIDString = 2FB490472EDE355C00968F5E;
			remoteInfo = CosmoKitTestApp;
		};
/* End PBXContainerItemProxy section */

/* Begin PBXFileReference section */
		2FB490482EDE355C00968F5E /* CosmoKitTestApp.app */ = {isa = PBXFileReference; explicitFileType = wrapper.application; includeInIndex = 0; path = CosmoKitTestApp.app; sourceTree = BUILT_PRODUCTS_DIR; };
		2FB490582EDE355E00968F5E /* CosmoKitTestAppTests.xctest */ = {isa = PBXFileReference; explicitFileType = wrapper.cfbundle; includeInIndex = 0; path = CosmoKitTestAppTests.xctest; sourceTree = BUILT_PRODUCTS_DIR; };
		2FB490622EDE355E00968F5E /* CosmoKitTestAppUITests.xctest */ = {isa = PBXFileReference; explicitFileType = wrapper.cfbundle; includeInIndex = 0; path = CosmoKitTestAppUITests.xctest; sourceTree = BUILT_PRODUCTS_DIR; };
/* End PBXFileReference section */

/* Begin PBXFileSystemSynchronizedBuildFileExceptionSet section */
		2FADC8BD2EDF5F01008F01EF /* Exceptions for "CosmoKitTestApp" folder in "CosmoKitTestApp" target */ = {
			isa = PBXFileSystemSynchronizedBuildFileExceptionSet;
			membershipExceptions = (
				Info.plist,
			);
			target = 2FB490472EDE355C00968F5E /* CosmoKitTestApp */;
		};
/* End PBXFileSystemSynchronizedBuildFileExceptionSet section */

/* Begin PBXFileSystemSynchronizedRootGroup section */
		2FB4904A2EDE355C00968F5E /* CosmoKitTestApp */ = {
			isa = PBXFileSystemSynchronizedRootGroup;
			exceptions = (
				2FADC8BD2EDF5F01008F01EF /* Exceptions for "CosmoKitTestApp" folder in "CosmoKitTestApp" target */,
			);
			path = CosmoKitTestApp;
			sourceTree = "<group>";
		};
		2FB4905B2EDE355E00968F5E /* CosmoKitTestAppTests */ = {
			isa = PBXFileSystemSynchronizedRootGroup;
			path = CosmoKitTestAppTests;
			sourceTree = "<group>";
		};
		2FB490652EDE355E00968F5E /* CosmoKitTestAppUITests */ = {
			isa = PBXFileSystemSynchronizedRootGroup;
			path = CosmoKitTestAppUITests;
			sourceTree = "<group>";
		};
/* End PBXFileSystemSynchronizedRootGroup section */

/* Begin PBXFrameworksBuildPhase section */
		2FB490452EDE355C00968F5E /* Frameworks */ = {
			isa = PBXFrameworksBuildPhase;
			buildActionMask = 2147483647;
			files = (
			);
			runOnlyForDeploymentPostprocessing = 0;
		};
		2FB490552EDE355E00968F5E /* Frameworks */ = {
			isa = PBXFrameworksBuildPhase;
			buildActionMask = 2147483647;
			files = (
			);
			runOnlyForDeploymentPostprocessing = 0;
		};
		2FB4905F2EDE355E00968F5E /* Frameworks */ = {
			isa = PBXFrameworksBuildPhase;
			buildActionMask = 2147483647;
			files = (
			);
			runOnlyForDeploymentPostprocessing = 0;
		};
/* End PBXFrameworksBuildPhase section */

/* Begin PBXGroup section */
		2FB4903F2EDE355C00968F5E = {
			isa = PBXGroup;
			children = (
				2FB4904A2EDE355C00968F5E /* CosmoKitTestApp */,
				2FB4905B2EDE355E00968F5E /* CosmoKitTestAppTests */,
				2FB490652EDE355E00968F5E /* CosmoKitTestAppUITests */,
				2FB490492EDE355C00968F5E /* Products */,
			);
			sourceTree = "<group>";
		};
		2FB490492EDE355C00968F5E /* Products */ = {
			isa = PBXGroup;
			children = (
				2FB490482EDE355C00968F5E /* CosmoKitTestApp.app */,
				2FB490582EDE355E00968F5E /* CosmoKitTestAppTests.xctest */,
				2FB490622EDE355E00968F5E /* CosmoKitTestAppUITests.xctest */,
			);
			name = Products;
			sourceTree = "<group>";
		};
/* End PBXGroup section */

/* Begin PBXNativeTarget section */
		2FB490472EDE355C00968F5E /* CosmoKitTestApp */ = {
			isa = PBXNativeTarget;
			buildConfigurationList = 2FB4906C2EDE355E00968F5E /* Build configuration list for PBXNativeTarget "CosmoKitTestApp" */;
			buildPhases = (
				2FB490442EDE355C00968F5E /* Sources */,
				2FB490452EDE355C00968F5E /* Frameworks */,
				2FB490462EDE355C00968F5E /* Resources */,
			);
			buildRules = (
			);
			dependencies = (
			);
			fileSystemSynchronizedGroups = (
				2FB4904A2EDE355C00968F5E /* CosmoKitTestApp */,
			);
			name = CosmoKitTestApp;
			packageProductDependencies = (
			);
			productName = CosmoKitTestApp;
			productReference = 2FB490482EDE355C00968F5E /* CosmoKitTestApp.app */;
			productType = "com.apple.product-type.application";
		};
		2FB490572EDE355E00968F5E /* CosmoKitTestAppTests */ = {
			isa = PBXNativeTarget;
			buildConfigurationList = 2FB4906F2EDE355E00968F5E /* Build configuration list for PBXNativeTarget "CosmoKitTestAppTests" */;
			buildPhases = (
				2FB490542EDE355E00968F5E /* Sources */,
				2FB490552EDE355E00968F5E /* Frameworks */,
				2FB490562EDE355E00968F5E /* Resources */,
			);
			buildRules = (
			);
			dependencies = (
				2FB4905A2EDE355E00968F5E /* PBXTargetDependency */,
			);
			fileSystemSynchronizedGroups = (
				2FB4905B2EDE355E00968F5E /* CosmoKitTestAppTests */,
			);
			name = CosmoKitTestAppTests;
			packageProductDependencies = (
			);
			productName = CosmoKitTestAppTests;
			productReference = 2FB490582EDE355E00968F5E /* CosmoKitTestAppTests.xctest */;
			productType = "com.apple.product-type.bundle.unit-test";
		};
		2FB490612EDE355E00968F5E /* CosmoKitTestAppUITests */ = {
			isa = PBXNativeTarget;
			buildConfigurationList = 2FB490722EDE355E00968F5E /* Build configuration list for PBXNativeTarget "CosmoKitTestAppUITests" */;
			buildPhases = (
				2FB4905E2EDE355E00968F5E /* Sources */,
				2FB4905F2EDE355E00968F5E /* Frameworks */,
				2FB490602EDE355E00968F5E /* Resources */,
			);
			buildRules = (
			);
			dependencies = (
				2FB490642EDE355E00968F5E /* PBXTargetDependency */,
			);
			fileSystemSynchronizedGroups = (
				2FB490652EDE355E00968F5E /* CosmoKitTestAppUITests */,
			);
			name = CosmoKitTestAppUITests;
			packageProductDependencies = (
			);
			productName = CosmoKitTestAppUITests;
			productReference = 2FB490622EDE355E00968F5E /* CosmoKitTestAppUITests.xctest */;
			productType = "com.apple.product-type.bundle.ui-testing";
		};
/* End PBXNativeTarget section */

/* Begin PBXProject section */
		2FB490402EDE355C00968F5E /* Project object */ = {
			isa = PBXProject;
			attributes = {
				BuildIndependentTargetsInParallel = 1;
				LastSwiftUpdateCheck = 1620;
				LastUpgradeCheck = 1620;
				TargetAttributes = {
					2FB490472EDE355C00968F5E = {
						CreatedOnToolsVersion = 16.2;
					};
					2FB490572EDE355E00968F5E = {
						CreatedOnToolsVersion = 16.2;
						TestTargetID = 2FB490472EDE355C00968F5E;
					};
					2FB490612EDE355E00968F5E = {
						CreatedOnToolsVersion = 16.2;
						TestTargetID = 2FB490472EDE355C00968F5E;
					};
				};
			};
			buildConfigurationList = 2FB490432EDE355C00968F5E /* Build configuration list for PBXProject "CosmoKitTestApp" */;
			developmentRegion = en;
			hasScannedForEncodings = 0;
			knownRegions = (
				en,
				Base,
			);
			mainGroup = 2FB4903F2EDE355C00968F5E;
			minimizedProjectReferenceProxies = 1;
			preferredProjectObjectVersion = 77;
			productRefGroup = 2FB490492EDE355C00968F5E /* Products */;
			projectDirPath = "";
			projectRoot = "";
			targets = (
				2FB490472EDE355C00968F5E /* CosmoKitTestApp */,
				2FB490572EDE355E00968F5E /* CosmoKitTestAppTests */,
				2FB490612EDE355E00968F5E /* CosmoKitTestAppUITests */,
			);
		};
/* End PBXProject section */

/* Begin PBXResourcesBuildPhase section */
		2FB490462EDE355C00968F5E /* Resources */ = {
			isa = PBXResourcesBuildPhase;
			buildActionMask = 2147483647;
			files = (
			);
			runOnlyForDeploymentPostprocessing = 0;
		};
		2FB490562EDE355E00968F5E /* Resources */ = {
			isa = PBXResourcesBuildPhase;
			buildActionMask = 2147483647;
			files = (
			);
			runOnlyForDeploymentPostprocessing = 0;
		};
		2FB490602EDE355E00968F5E /* Resources */ = {
			isa = PBXResourcesBuildPhase;
			buildActionMask = 2147483647;
			files = (
			);
			runOnlyForDeploymentPostprocessing = 0;
		};
/* End PBXResourcesBuildPhase section */

/* Begin PBXSourcesBuildPhase section */
		2FB490442EDE355C00968F5E /* Sources */ = {
			isa = PBXSourcesBuildPhase;
			buildActionMask = 2147483647;
			files = (
			);
			runOnlyForDeploymentPostprocessing = 0;
		};
		2FB490542EDE355E00968F5E /* Sources */ = {
			isa = PBXSourcesBuildPhase;
			buildActionMask = 2147483647;
			files = (
			);
			runOnlyForDeploymentPostprocessing = 0;
		};
		2FB4905E2EDE355E00968F5E /* Sources */ = {
			isa = PBXSourcesBuildPhase;
			buildActionMask = 2147483647;
			files = (
			);
			runOnlyForDeploymentPostprocessing = 0;
		};
/* End PBXSourcesBuildPhase section */

/* Begin PBXTargetDependency section */
		2FB4905A2EDE355E00968F5E /* PBXTargetDependency */ = {
			isa = PBXTargetDependency;
			target = 2FB490472EDE355C00968F5E /* CosmoKitTestApp */;
			targetProxy = 2FB490592EDE355E00968F5E /* PBXContainerItemProxy */;
		};
		2FB490642EDE355E00968F5E /* PBXTargetDependency */ = {
			isa = PBXTargetDependency;
			target = 2FB490472EDE355C00968F5E /* CosmoKitTestApp */;
			targetProxy = 2FB490632EDE355E00968F5E /* PBXContainerItemProxy */;
		};
/* End PBXTargetDependency section */

/* Begin XCBuildConfiguration section */
		2FB4906A2EDE355E00968F5E /* Debug */ = {
			isa = XCBuildConfiguration;
			buildSettings = {
				ALWAYS_SEARCH_USER_PATHS = NO;
				ASSETCATALOG_COMPILER_GENERATE_SWIFT_ASSET_SYMBOL_EXTENSIONS = YES;
				CLANG_ANALYZER_NONNULL = YES;
				CLANG_ANALYZER_NUMBER_OBJECT_CONVERSION = YES_AGGRESSIVE;
				CLANG_CXX_LANGUAGE_STANDARD = "gnu++20";
				CLANG_ENABLE_MODULES = YES;
				CLANG_ENABLE_OBJC_ARC = YES;
				CLANG_ENABLE_OBJC_WEAK = YES;
				CLANG_WARN_BLOCK_CAPTURE_AUTORELEASING = YES;
				CLANG_WARN_BOOL_CONVERSION = YES;
				CLANG_WARN_COMMA = YES;
				CLANG_WARN_CONSTANT_CONVERSION = YES;
				CLANG_WARN_DEPRECATED_OBJC_IMPLEMENTATIONS = YES;
				CLANG_WARN_DIRECT_OBJC_ISA_USAGE = YES_ERROR;
				CLANG_WARN_DOCUMENTATION_COMMENTS = YES;
				CLANG_WARN_EMPTY_BODY = YES;
				CLANG_WARN_ENUM_CONVERSION = YES;
				CLANG_WARN_INFINITE_RECURSION = YES;
				CLANG_WARN_INT_CONVERSION = YES;
				CLANG_WARN_NON_LITERAL_NULL_CONVERSION = YES;
				CLANG_WARN_OBJC_IMPLICIT_RETAIN_SELF = YES;
				CLANG_WARN_OBJC_LITERAL_CONVERSION = YES;
				CLANG_WARN_OBJC_ROOT_CLASS = YES_ERROR;
				CLANG_WARN_QUOTED_INCLUDE_IN_FRAMEWORK_HEADER = YES;
				CLANG_WARN_RANGE_LOOP_ANALYSIS = YES;
				CLANG_WARN_STRICT_PROTOTYPES = YES;
				CLANG_WARN_SUSPICIOUS_MOVE = YES;
				CLANG_WARN_UNGUARDED_AVAILABILITY = YES_AGGRESSIVE;
				CLANG_WARN_UNREACHABLE_CODE = YES;
				CLANG_WARN__DUPLICATE_METHOD_MATCH = YES;
				COPY_PHASE_STRIP = NO;
				DEBUG_INFORMATION_FORMAT = dwarf;
				ENABLE_STRICT_OBJC_MSGSEND = YES;
				ENABLE_TESTABILITY = YES;
				ENABLE_USER_SCRIPT_SANDBOXING = YES;
				GCC_C_LANGUAGE_STANDARD = gnu17;
				GCC_DYNAMIC_NO_PIC = NO;
				GCC_NO_COMMON_BLOCKS = YES;
				GCC_OPTIMIZATION_LEVEL = 0;
				GCC_PREPROCESSOR_DEFINITIONS = (
					"DEBUG=1",
					"$(inherited)",
				);
				GCC_WARN_64_TO_32_BIT_CONVERSION = YES;
				GCC_WARN_ABOUT_RETURN_TYPE = YES_ERROR;
				GCC_WARN_UNDECLARED_SELECTOR = YES;
				GCC_WARN_UNINITIALIZED_AUTOS = YES_AGGRESSIVE;
				GCC_WARN_UNUSED_FUNCTION = YES;
				GCC_WARN_UNUSED_VARIABLE = YES;
				IPHONEOS_DEPLOYMENT_TARGET = 18.2;
				LOCALIZATION_PREFERS_STRING_CATALOGS = YES;
				MTL_ENABLE_DEBUG_INFO = INCLUDE_SOURCE;
				MTL_FAST_MATH = YES;
				ONLY_ACTIVE_ARCH = YES;
				SDKROOT = iphoneos;
				SWIFT_ACTIVE_COMPILATION_CONDITIONS = "DEBUG $(inherited)";
				SWIFT_OPTIMIZATION_LEVEL = "-Onone";
			};
			name = Debug;
		};
		2FB4906B2EDE355E00968F5E /* Release */ = {
			isa = XCBuildConfiguration;
			buildSettings = {
				ALWAYS_SEARCH_USER_PATHS = NO;
				ASSETCATALOG_COMPILER_GENERATE_SWIFT_ASSET_SYMBOL_EXTENSIONS = YES;
				CLANG_ANALYZER_NONNULL = YES;
				CLANG_ANALYZER_NUMBER_OBJECT_CONVERSION = YES_AGGRESSIVE;
				CLANG_CXX_LANGUAGE_STANDARD = "gnu++20";
				CLANG_ENABLE_MODULES = YES;
				CLANG_ENABLE_OBJC_ARC = YES;
				CLANG_ENABLE_OBJC_WEAK = YES;
				CLANG_WARN_BLOCK_CAPTURE_AUTORELEASING = YES;
				CLANG_WARN_BOOL_CONVERSION = YES;
				CLANG_WARN_COMMA = YES;
				CLANG_WARN_CONSTANT_CONVERSION = YES;
				CLANG_WARN_DEPRECATED_OBJC_IMPLEMENTATIONS = YES;
				CLANG_WARN_DIRECT_OBJC_ISA_USAGE = YES_ERROR;
				CLANG_WARN_DOCUMENTATION_COMMENTS = YES;
				CLANG_WARN_EMPTY_BODY = YES;
				CLANG_WARN_ENUM_CONVERSION = YES;
				CLANG_WARN_INFINITE_RECURSION = YES;
				CLANG_WARN_INT_CONVERSION = YES;
				CLANG_WARN_NON_LITERAL_NULL_CONVERSION = YES;
				CLANG_WARN_OBJC_IMPLICIT_RETAIN_SELF = YES;
				CLANG_WARN_OBJC_LITERAL_CONVERSION = YES;
				CLANG_WARN_OBJC_ROOT_CLASS = YES_ERROR;
				CLANG_WARN_QUOTED_INCLUDE_IN_FRAMEWORK_HEADER = YES;
				CLANG_WARN_RANGE_LOOP_ANALYSIS = YES;
				CLANG_WARN_STRICT_PROTOTYPES = YES;
				CLANG_WARN_SUSPICIOUS_MOVE = YES;
				CLANG_WARN_UNGUARDED_AVAILABILITY = YES_AGGRESSIVE;
				CLANG_WARN_UNREACHABLE_CODE = YES;
				CLANG_WARN__DUPLICATE_METHOD_MATCH = YES;
				COPY_PHASE_STRIP = NO;
				DEBUG_INFORMATION_FORMAT = "dwarf-with-dsym";
				ENABLE_NS_ASSERTIONS = NO;
				ENABLE_STRICT_OBJC_MSGSEND = YES;
				ENABLE_USER_SCRIPT_SANDBOXING = YES;
				GCC_C_LANGUAGE_STANDARD = gnu17;
				GCC_NO_COMMON_BLOCKS = YES;
				GCC_WARN_64_TO_32_BIT_CONVERSION = YES;
				GCC_WARN_ABOUT_RETURN_TYPE = YES_ERROR;
				GCC_WARN_UNDECLARED_SELECTOR = YES;
				GCC_WARN_UNINITIALIZED_AUTOS = YES_AGGRESSIVE;
				GCC_WARN_UNUSED_FUNCTION = YES;
				GCC_WARN_UNUSED_VARIABLE = YES;
				IPHONEOS_DEPLOYMENT_TARGET = 18.2;
				LOCALIZATION_PREFERS_STRING_CATALOGS = YES;
				MTL_ENABLE_DEBUG_INFO = NO;
				MTL_FAST_MATH = YES;
				SDKROOT = iphoneos;
				SWIFT_COMPILATION_MODE = wholemodule;
				VALIDATE_PRODUCT = YES;
			};
			name = Release;
		};
		2FB4906D2EDE355E00968F5E /* Debug */ = {
			isa = XCBuildConfiguration;
			buildSettings = {
				ASSETCATALOG_COMPILER_APPICON_NAME = AppIcon;
				ASSETCATALOG_COMPILER_GLOBAL_ACCENT_COLOR_NAME = AccentColor;
				CODE_SIGN_STYLE = Automatic;
				CURRENT_PROJECT_VERSION = 1;
				DEVELOPMENT_ASSET_PATHS = "\"CosmoKitTestApp/Preview Content\"";
				DEVELOPMENT_TEAM = 278QJ34EC9;
				ENABLE_PREVIEWS = YES;
				GENERATE_INFOPLIST_FILE = YES;
				INFOPLIST_FILE = CosmoKitTestApp/Info.plist;
				INFOPLIST_KEY_UIApplicationSceneManifest_Generation = YES;
				INFOPLIST_KEY_UIApplicationSupportsIndirectInputEvents = YES;
				INFOPLIST_KEY_UILaunchScreen_Generation = YES;
				INFOPLIST_KEY_UISupportedInterfaceOrientations_iPad = "UIInterfaceOrientationPortrait UIInterfaceOrientationPortraitUpsideDown UIInterfaceOrientationLandscapeLeft UIInterfaceOrientationLandscapeRight";
				INFOPLIST_KEY_UISupportedInterfaceOrientations_iPhone = "UIInterfaceOrientationPortrait UIInterfaceOrientationLandscapeLeft UIInterfaceOrientationLandscapeRight";
				LD_RUNPATH_SEARCH_PATHS = (
					"$(inherited)",
					"@executable_path/Frameworks",
				);
				MARKETING_VERSION = 1.0;
				PRODUCT_BUNDLE_IDENTIFIER = apps.mjkweber.CosmoKitTestApp;
				PRODUCT_NAME = "$(TARGET_NAME)";
				SWIFT_EMIT_LOC_STRINGS = YES;
				SWIFT_VERSION = 5.0;
				TARGETED_DEVICE_FAMILY = "1,2";
			};
			name = Debug;
		};
		2FB4906E2EDE355E00968F5E /* Release */ = {
			isa = XCBuildConfiguration;
			buildSettings = {
				ASSETCATALOG_COMPILER_APPICON_NAME = AppIcon;
				ASSETCATALOG_COMPILER_GLOBAL_ACCENT_COLOR_NAME = AccentColor;
				CODE_SIGN_STYLE = Automatic;
				CURRENT_PROJECT_VERSION = 1;
				DEVELOPMENT_ASSET_PATHS = "\"CosmoKitTestApp/Preview Content\"";
				DEVELOPMENT_TEAM = 278QJ34EC9;
				ENABLE_PREVIEWS = YES;
				GENERATE_INFOPLIST_FILE = YES;
				INFOPLIST_FILE = CosmoKitTestApp/Info.plist;
				INFOPLIST_KEY_UIApplicationSceneManifest_Generation = YES;
				INFOPLIST_KEY_UIApplicationSupportsIndirectInputEvents = YES;
				INFOPLIST_KEY_UILaunchScreen_Generation = YES;
				INFOPLIST_KEY_UISupportedInterfaceOrientations_iPad = "UIInterfaceOrientationPortrait UIInterfaceOrientationPortraitUpsideDown UIInterfaceOrientationLandscapeLeft UIInterfaceOrientationLandscapeRight";
				INFOPLIST_KEY_UISupportedInterfaceOrientations_iPhone = "UIInterfaceOrientationPortrait UIInterfaceOrientationLandscapeLeft UIInterfaceOrientationLandscapeRight";
				LD_RUNPATH_SEARCH_PATHS = (
					"$(inherited)",
					"@executable_path/Frameworks",
				);
				MARKETING_VERSION = 1.0;
				PRODUCT_BUNDLE_IDENTIFIER = apps.mjkweber.CosmoKitTestApp;
				PRODUCT_NAME = "$(TARGET_NAME)";
				SWIFT_EMIT_LOC_STRINGS = YES;
				SWIFT_VERSION = 5.0;
				TARGETED_DEVICE_FAMILY = "1,2";
			};
			name = Release;
		};
		2FB490702EDE355E00968F5E /* Debug */ = {
			isa = XCBuildConfiguration;
			buildSettings = {
				BUNDLE_LOADER = "$(TEST_HOST)";
				CODE_SIGN_STYLE = Automatic;
				CURRENT_PROJECT_VERSION = 1;
				DEVELOPMENT_TEAM = 278QJ34EC9;
				GENERATE_INFOPLIST_FILE = YES;
				IPHONEOS_DEPLOYMENT_TARGET = 18.2;
				MARKETING_VERSION = 1.0;
				PRODUCT_BUNDLE_IDENTIFIER = apps.mjkweber.CosmoKitTestAppTests;
				PRODUCT_NAME = "$(TARGET_NAME)";
				SWIFT_EMIT_LOC_STRINGS = NO;
				SWIFT_VERSION = 5.0;
				TARGETED_DEVICE_FAMILY = "1,2";
				TEST_HOST = "$(BUILT_PRODUCTS_DIR)/CosmoKitTestApp.app/$(BUNDLE_EXECUTABLE_FOLDER_PATH)/CosmoKitTestApp";
			};
			name = Debug;
		};
		2FB490712EDE355E00968F5E /* Release */ = {
			isa = XCBuildConfiguration;
			buildSettings = {
				BUNDLE_LOADER = "$(TEST_HOST)";
				CODE_SIGN_STYLE = Automatic;
				CURRENT_PROJECT_VERSION = 1;
				DEVELOPMENT_TEAM = 278QJ34EC9;
				GENERATE_INFOPLIST_FILE = YES;
				IPHONEOS_DEPLOYMENT_TARGET = 18.2;
				MARKETING_VERSION = 1.0;
				PRODUCT_BUNDLE_IDENTIFIER = apps.mjkweber.CosmoKitTestAppTests;
				PRODUCT_NAME = "$(TARGET_NAME)";
				SWIFT_EMIT_LOC_STRINGS = NO;
				SWIFT_VERSION = 5.0;
				TARGETED_DEVICE_FAMILY = "1,2";
				TEST_HOST = "$(BUILT_PRODUCTS_DIR)/CosmoKitTestApp.app/$(BUNDLE_EXECUTABLE_FOLDER_PATH)/CosmoKitTestApp";
			};
			name = Release;
		};
		2FB490732EDE355E00968F5E /* Debug */ = {
			isa = XCBuildConfiguration;
			buildSettings = {
				CODE_SIGN_STYLE = Automatic;
				CURRENT_PROJECT_VERSION = 1;
				DEVELOPMENT_TEAM = 278QJ34EC9;
				GENERATE_INFOPLIST_FILE = YES;
				MARKETING_VERSION = 1.0;
				PRODUCT_BUNDLE_IDENTIFIER = apps.mjkweber.CosmoKitTestAppUITests;
				PRODUCT_NAME = "$(TARGET_NAME)";
				SWIFT_EMIT_LOC_STRINGS = NO;
				SWIFT_VERSION = 5.0;
				TARGETED_DEVICE_FAMILY = "1,2";
				TEST_TARGET_NAME = CosmoKitTestApp;
			};
			name = Debug;
		};
		2FB490742EDE355E00968F5E /* Release */ = {
			isa = XCBuildConfiguration;
			buildSettings = {
				CODE_SIGN_STYLE = Automatic;
				CURRENT_PROJECT_VERSION = 1;
				DEVELOPMENT_TEAM = 278QJ34EC9;
				GENERATE_INFOPLIST_FILE = YES;
				MARKETING_VERSION = 1.0;
				PRODUCT_BUNDLE_IDENTIFIER = apps.mjkweber.CosmoKitTestAppUITests;
				PRODUCT_NAME = "$(TARGET_NAME)";
				SWIFT_EMIT_LOC_STRINGS = NO;
				SWIFT_VERSION = 5.0;
				TARGETED_DEVICE_FAMILY = "1,2";
				TEST_TARGET_NAME = CosmoKitTestApp;
			};
			name = Release;
		};
/* End XCBuildConfiguration section */

/* Begin XCConfigurationList section */
		2FB490432EDE355C00968F5E /* Build configuration list for PBXProject "CosmoKitTestApp" */ = {
			isa = XCConfigurationList;
			buildConfigurations = (
				2FB4906A2EDE355E00968F5E /* Debug */,
				2FB4906B2EDE355E00968F5E /* Release */,
			);
			defaultConfigurationIsVisible = 0;
			defaultConfigurationName = Release;
		};
		2FB4906C2EDE355E00968F5E /* Build configuration list for PBXNativeTarget "CosmoKitTestApp" */ = {
			isa = XCConfigurationList;
			buildConfigurations = (
				2FB4906D2EDE355E00968F5E /* Debug */,
				2FB4906E2EDE355E00968F5E /* Release */,
			);
			defaultConfigurationIsVisible = 0;
			defaultConfigurationName = Release;
		};
		2FB4906F2EDE355E00968F5E /* Build configuration list for PBXNativeTarget "CosmoKitTestAppTests" */ = {
			isa = XCConfigurationList;
			buildConfigurations = (
				2FB490702EDE355E00968F5E /* Debug */,
				2FB490712EDE355E00968F5E /* Release */,
			);
			defaultConfigurationIsVisible = 0;
			defaultConfigurationName = Release;
		};
		2FB490722EDE355E00968F5E /* Build configuration list for PBXNativeTarget "CosmoKitTestAppUITests" */ = {
			isa = XCConfigurationList;
			buildConfigurations = (
				2FB490732EDE355E00968F5E /* Debug */,
				2FB490742EDE355E00968F5E /* Release */,
			);
			defaultConfigurationIsVisible = 0;
			defaultConfigurationName = Release;
		};
/* End XCConfigurationList section */
	};
	rootObject = 2FB490402EDE355C00968F5E /* Project object */;
}
